// !$*UTF8*$!
{
	archiveVersion = 1;
	classes = {
	};
	objectVersion = 50;
	objects = {

/* Begin PBXBuildFile section */
		167160E12293505A00BF444F /* grammar.c in Sources */ = {isa = PBXBuildFile; fileRef = 167160E02293505A00BF444F /* grammar.c */; };
		167160E32293508600BF444F /* libconfig.c in Sources */ = {isa = PBXBuildFile; fileRef = 167160E22293508600BF444F /* libconfig.c */; };
		167160E52293509000BF444F /* libconfigcpp.cc in Sources */ = {isa = PBXBuildFile; fileRef = 167160E42293509000BF444F /* libconfigcpp.cc */; };
		167160E72293509500BF444F /* scanctx.c in Sources */ = {isa = PBXBuildFile; fileRef = 167160E62293509500BF444F /* scanctx.c */; };
		167160E92293509C00BF444F /* scanner.c in Sources */ = {isa = PBXBuildFile; fileRef = 167160E82293509C00BF444F /* scanner.c */; };
		167160EB229350A100BF444F /* strbuf.c in Sources */ = {isa = PBXBuildFile; fileRef = 167160EA229350A100BF444F /* strbuf.c */; };
/* End PBXBuildFile section */

/* Begin PBXFileReference section */
		167160D22293503500BF444F /* libconfig.a */ = {isa = PBXFileReference; explicitFileType = archive.ar; includeInIndex = 0; path = libconfig.a; sourceTree = BUILT_PRODUCTS_DIR; };
		167160E02293505A00BF444F /* grammar.c */ = {isa = PBXFileReference; fileEncoding = 4; lastKnownFileType = sourcecode.c.c; name = grammar.c; path = ../../../../external/libconfig/lib/grammar.c; sourceTree = "<group>"; };
		167160E22293508600BF444F /* libconfig.c */ = {isa = PBXFileReference; fileEncoding = 4; lastKnownFileType = sourcecode.c.c; name = libconfig.c; path = ../../../../external/libconfig/lib/libconfig.c; sourceTree = "<group>"; };
		167160E42293509000BF444F /* libconfigcpp.cc */ = {isa = PBXFileReference; fileEncoding = 4; lastKnownFileType = sourcecode.cpp.cpp; name = libconfigcpp.cc; path = ../../../../external/libconfig/lib/libconfigcpp.cc; sourceTree = "<group>"; };
		167160E62293509500BF444F /* scanctx.c */ = {isa = PBXFileReference; fileEncoding = 4; lastKnownFileType = sourcecode.c.c; name = scanctx.c; path = ../../../../external/libconfig/lib/scanctx.c; sourceTree = "<group>"; };
		167160E82293509C00BF444F /* scanner.c */ = {isa = PBXFileReference; fileEncoding = 4; lastKnownFileType = sourcecode.c.c; name = scanner.c; path = ../../../../external/libconfig/lib/scanner.c; sourceTree = "<group>"; };
		167160EA229350A100BF444F /* strbuf.c */ = {isa = PBXFileReference; fileEncoding = 4; lastKnownFileType = sourcecode.c.c; name = strbuf.c; path = ../../../../external/libconfig/lib/strbuf.c; sourceTree = "<group>"; };
/* End PBXFileReference section */

/* Begin PBXFrameworksBuildPhase section */
		167160D02293503500BF444F /* Frameworks */ = {
			isa = PBXFrameworksBuildPhase;
			buildActionMask = 2147483647;
			files = (
			);
			runOnlyForDeploymentPostprocessing = 0;
		};
/* End PBXFrameworksBuildPhase section */

/* Begin PBXGroup section */
		167160C92293503500BF444F = {
			isa = PBXGroup;
			children = (
				167160D42293503500BF444F /* config */,
				167160E02293505A00BF444F /* grammar.c */,
				167160E22293508600BF444F /* libconfig.c */,
				167160E62293509500BF444F /* scanctx.c */,
				167160E82293509C00BF444F /* scanner.c */,
				167160EA229350A100BF444F /* strbuf.c */,
				167160E42293509000BF444F /* libconfigcpp.cc */,
				167160D32293503500BF444F /* Products */,
			);
			sourceTree = "<group>";
		};
		167160D32293503500BF444F /* Products */ = {
			isa = PBXGroup;
			children = (
				167160D22293503500BF444F /* libconfig.a */,
			);
			name = Products;
			sourceTree = "<group>";
		};
		167160D42293503500BF444F /* config */ = {
			isa = PBXGroup;
			children = (
			);
			path = config;
			sourceTree = "<group>";
		};
/* End PBXGroup section */

/* Begin PBXHeadersBuildPhase section */
		167160CE2293503500BF444F /* Headers */ = {
			isa = PBXHeadersBuildPhase;
			buildActionMask = 2147483647;
			files = (
			);
			runOnlyForDeploymentPostprocessing = 0;
		};
/* End PBXHeadersBuildPhase section */

/* Begin PBXNativeTarget section */
		167160D12293503500BF444F /* config */ = {
			isa = PBXNativeTarget;
			buildConfigurationList = 167160DD2293503500BF444F /* Build configuration list for PBXNativeTarget "config" */;
			buildPhases = (
				167160CE2293503500BF444F /* Headers */,
				167160CF2293503500BF444F /* Sources */,
				167160D02293503500BF444F /* Frameworks */,
			);
			buildRules = (
			);
			dependencies = (
			);
			name = config;
			productName = config;
			productReference = 167160D22293503500BF444F /* libconfig.a */;
			productType = "com.apple.product-type.library.static";
		};
/* End PBXNativeTarget section */

/* Begin PBXProject section */
		167160CA2293503500BF444F /* Project object */ = {
			isa = PBXProject;
			attributes = {
				LastUpgradeCheck = 1020;
				ORGANIZATIONNAME = hyperrealm;
				TargetAttributes = {
					167160D12293503500BF444F = {
						CreatedOnToolsVersion = 10.2.1;
					};
				};
			};
			buildConfigurationList = 167160CD2293503500BF444F /* Build configuration list for PBXProject "config" */;
			compatibilityVersion = "Xcode 9.3";
			developmentRegion = en;
			hasScannedForEncodings = 0;
			knownRegions = (
				en,
			);
			mainGroup = 167160C92293503500BF444F;
			productRefGroup = 167160D32293503500BF444F /* Products */;
			projectDirPath = "";
			projectRoot = "";
			targets = (
				167160D12293503500BF444F /* config */,
			);
		};
/* End PBXProject section */

/* Begin PBXSourcesBuildPhase section */
		167160CF2293503500BF444F /* Sources */ = {
			isa = PBXSourcesBuildPhase;
			buildActionMask = 2147483647;
			files = (
				167160E32293508600BF444F /* libconfig.c in Sources */,
				167160E72293509500BF444F /* scanctx.c in Sources */,
				167160EB229350A100BF444F /* strbuf.c in Sources */,
				167160E12293505A00BF444F /* grammar.c in Sources */,
				167160E92293509C00BF444F /* scanner.c in Sources */,
				167160E52293509000BF444F /* libconfigcpp.cc in Sources */,
			);
			runOnlyForDeploymentPostprocessing = 0;
		};
/* End PBXSourcesBuildPhase section */

/* Begin XCBuildConfiguration section */
		167160DB2293503500BF444F /* Debug */ = {
			isa = XCBuildConfiguration;
			buildSettings = {
				ALWAYS_SEARCH_USER_PATHS = NO;
				CLANG_ANALYZER_NONNULL = YES;
				CLANG_ANALYZER_NUMBER_OBJECT_CONVERSION = YES_AGGRESSIVE;
				CLANG_CXX_LANGUAGE_STANDARD = "gnu++14";
				CLANG_CXX_LIBRARY = "libc++";
				CLANG_ENABLE_MODULES = YES;
				CLANG_ENABLE_OBJC_ARC = YES;
				CLANG_ENABLE_OBJC_WEAK = YES;
				CLANG_WARN_BLOCK_CAPTURE_AUTORELEASING = YES;
				CLANG_WARN_BOOL_CONVERSION = YES;
				CLANG_WARN_COMMA = YES;
				CLANG_WARN_CONSTANT_CONVERSION = YES;
				CLANG_WARN_DEPRECATED_OBJC_IMPLEMENTATIONS = YES;
				CLANG_WARN_DIRECT_OBJC_ISA_USAGE = YES_ERROR;
				CLANG_WARN_DOCUMENTATION_COMMENTS = YES;
				CLANG_WARN_EMPTY_BODY = YES;
				CLANG_WARN_ENUM_CONVERSION = YES;
				CLANG_WARN_INFINITE_RECURSION = YES;
				CLANG_WARN_INT_CONVERSION = YES;
				CLANG_WARN_NON_LITERAL_NULL_CONVERSION = YES;
				CLANG_WARN_OBJC_IMPLICIT_RETAIN_SELF = YES;
				CLANG_WARN_OBJC_LITERAL_CONVERSION = YES;
				CLANG_WARN_OBJC_ROOT_CLASS = YES_ERROR;
				CLANG_WARN_RANGE_LOOP_ANALYSIS = YES;
				CLANG_WARN_STRICT_PROTOTYPES = YES;
				CLANG_WARN_SUSPICIOUS_MOVE = YES;
				CLANG_WARN_UNGUARDED_AVAILABILITY = YES_AGGRESSIVE;
				CLANG_WARN_UNREACHABLE_CODE = YES;
				CLANG_WARN__DUPLICATE_METHOD_MATCH = YES;
				CODE_SIGN_IDENTITY = "-";
				COPY_PHASE_STRIP = NO;
				DEBUG_INFORMATION_FORMAT = dwarf;
				ENABLE_STRICT_OBJC_MSGSEND = YES;
				ENABLE_TESTABILITY = YES;
				GCC_C_LANGUAGE_STANDARD = gnu11;
				GCC_DYNAMIC_NO_PIC = NO;
				GCC_NO_COMMON_BLOCKS = YES;
				GCC_OPTIMIZATION_LEVEL = 0;
				GCC_PREPROCESSOR_DEFINITIONS = (
					"DEBUG=1",
					"$(inherited)",
				);
				GCC_WARN_64_TO_32_BIT_CONVERSION = YES;
				GCC_WARN_ABOUT_RETURN_TYPE = YES_ERROR;
				GCC_WARN_UNDECLARED_SELECTOR = YES;
				GCC_WARN_UNINITIALIZED_AUTOS = YES_AGGRESSIVE;
				GCC_WARN_UNUSED_FUNCTION = YES;
				GCC_WARN_UNUSED_VARIABLE = YES;
				MACOSX_DEPLOYMENT_TARGET = 10.14;
				MTL_ENABLE_DEBUG_INFO = INCLUDE_SOURCE;
				MTL_FAST_MATH = YES;
				ONLY_ACTIVE_ARCH = YES;
				SDKROOT = macosx;
			};
			name = Debug;
		};
		167160DC2293503500BF444F /* Release */ = {
			isa = XCBuildConfiguration;
			buildSettings = {
				ALWAYS_SEARCH_USER_PATHS = NO;
				CLANG_ANALYZER_NONNULL = YES;
				CLANG_ANALYZER_NUMBER_OBJECT_CONVERSION = YES_AGGRESSIVE;
				CLANG_CXX_LANGUAGE_STANDARD = "gnu++14";
				CLANG_CXX_LIBRARY = "libc++";
				CLANG_ENABLE_MODULES = YES;
				CLANG_ENABLE_OBJC_ARC = YES;
				CLANG_ENABLE_OBJC_WEAK = YES;
				CLANG_WARN_BLOCK_CAPTURE_AUTORELEASING = YES;
				CLANG_WARN_BOOL_CONVERSION = YES;
				CLANG_WARN_COMMA = YES;
				CLANG_WARN_CONSTANT_CONVERSION = YES;
				CLANG_WARN_DEPRECATED_OBJC_IMPLEMENTATIONS = YES;
				CLANG_WARN_DIRECT_OBJC_ISA_USAGE = YES_ERROR;
				CLANG_WARN_DOCUMENTATION_COMMENTS = YES;
				CLANG_WARN_EMPTY_BODY = YES;
				CLANG_WARN_ENUM_CONVERSION = YES;
				CLANG_WARN_INFINITE_RECURSION = YES;
				CLANG_WARN_INT_CONVERSION = YES;
				CLANG_WARN_NON_LITERAL_NULL_CONVERSION = YES;
				CLANG_WARN_OBJC_IMPLICIT_RETAIN_SELF = YES;
				CLANG_WARN_OBJC_LITERAL_CONVERSION = YES;
				CLANG_WARN_OBJC_ROOT_CLASS = YES_ERROR;
				CLANG_WARN_RANGE_LOOP_ANALYSIS = YES;
				CLANG_WARN_STRICT_PROTOTYPES = YES;
				CLANG_WARN_SUSPICIOUS_MOVE = YES;
				CLANG_WARN_UNGUARDED_AVAILABILITY = YES_AGGRESSIVE;
				CLANG_WARN_UNREACHABLE_CODE = YES;
				CLANG_WARN__DUPLICATE_METHOD_MATCH = YES;
				CODE_SIGN_IDENTITY = "-";
				COPY_PHASE_STRIP = NO;
				DEBUG_INFORMATION_FORMAT = "dwarf-with-dsym";
				ENABLE_NS_ASSERTIONS = NO;
				ENABLE_STRICT_OBJC_MSGSEND = YES;
				GCC_C_LANGUAGE_STANDARD = gnu11;
				GCC_NO_COMMON_BLOCKS = YES;
				GCC_WARN_64_TO_32_BIT_CONVERSION = YES;
				GCC_WARN_ABOUT_RETURN_TYPE = YES_ERROR;
				GCC_WARN_UNDECLARED_SELECTOR = YES;
				GCC_WARN_UNINITIALIZED_AUTOS = YES_AGGRESSIVE;
				GCC_WARN_UNUSED_FUNCTION = YES;
				GCC_WARN_UNUSED_VARIABLE = YES;
				MACOSX_DEPLOYMENT_TARGET = 10.14;
				MTL_ENABLE_DEBUG_INFO = NO;
				MTL_FAST_MATH = YES;
				SDKROOT = macosx;
			};
			name = Release;
		};
		167160DE2293503500BF444F /* Debug */ = {
			isa = XCBuildConfiguration;
			buildSettings = {
				CODE_SIGN_STYLE = Automatic;
				EXECUTABLE_PREFIX = lib;
				GCC_ENABLE_CPP_EXCEPTIONS = YES;
				GCC_ENABLE_CPP_RTTI = YES;
				GCC_PREPROCESSOR_DEFINITIONS = (
					_DEBUG,
					HAVE_XLOCALE_H,
					HAVE_USELOCALE,
					HAVE_FREELOCALE,
				);
				PRODUCT_NAME = "$(TARGET_NAME)";
				SKIP_INSTALL = YES;
			};
			name = Debug;
		};
		167160DF2293503500BF444F /* Release */ = {
			isa = XCBuildConfiguration;
			buildSettings = {
				CODE_SIGN_STYLE = Automatic;
				EXECUTABLE_PREFIX = lib;
				GCC_ENABLE_CPP_EXCEPTIONS = YES;
				GCC_ENABLE_CPP_RTTI = YES;
				GCC_PREPROCESSOR_DEFINITIONS = (
					HAVE_XLOCALE_H,
					HAVE_USELOCALE,
					HAVE_FREELOCALE,
				);
				PRODUCT_NAME = "$(TARGET_NAME)";
				SKIP_INSTALL = YES;
			};
			name = Release;
		};
/* End XCBuildConfiguration section */

/* Begin XCConfigurationList section */
		167160CD2293503500BF444F /* Build configuration list for PBXProject "config" */ = {
			isa = XCConfigurationList;
			buildConfigurations = (
				167160DB2293503500BF444F /* Debug */,
				167160DC2293503500BF444F /* Release */,
			);
			defaultConfigurationIsVisible = 0;
			defaultConfigurationName = Release;
		};
		167160DD2293503500BF444F /* Build configuration list for PBXNativeTarget "config" */ = {
			isa = XCConfigurationList;
			buildConfigurations = (
				167160DE2293503500BF444F /* Debug */,
				167160DF2293503500BF444F /* Release */,
			);
			defaultConfigurationIsVisible = 0;
			defaultConfigurationName = Release;
		};
/* End XCConfigurationList section */
	};
	rootObject = 167160CA2293503500BF444F /* Project object */;
}
