Microsoft Visual Studio Solution File, Format Version 12.00
# Visual Studio 15
VisualStudioVersion = 15.0.26430.6
MinimumVisualStudioVersion = 10.0.40219.1
Project("{8BC9CEB8-8B4A-11D0-8D11-00A0C91BC942}") = "Audio Programming Environment", "Audio Programming Environment.vcxproj", "{4EF9CB9D-0725-4644-5087-E4881FC85FEB}"
	ProjectSection(ProjectDependencies) = postProject
		{A0C36CE7-D908-4573-8B69-249EEEB7D2BE} = {A0C36CE7-D908-4573-8B69-249EEEB7D2BE}
	EndProjectSection
EndProject
Project("{8BC9CEB8-8B4A-11D0-8D11-00A0C91BC942}") = "libconfig++", "..\..\..\..\external\libconfig\lib\libconfig++.vcxproj", "{A0C36CE7-D908-4573-8B69-249EEEB7D2BE}"
EndProject
Global
	GlobalSection(SolutionConfigurationPlatforms) = preSolution
		Debug|Win32 = Debug|Win32
		Debug|x64 = Debug|x64
		DebugStatic|Win32 = DebugStatic|Win32
		DebugStatic|x64 = DebugStatic|x64
		Release|Win32 = Release|Win32
		Release|x64 = Release|x64
		ReleaseStatic|Win32 = ReleaseStatic|Win32
		ReleaseStatic|x64 = ReleaseStatic|x64
	EndGlobalSection
	GlobalSection(ProjectConfigurationPlatforms) = postSolution
		{4EF9CB9D-0725-4644-5087-E4881FC85FEB}.Debug|Win32.ActiveCfg = Debug|Win32
		{4EF9CB9D-0725-4644-5087-E4881FC85FEB}.Debug|Win32.Build.0 = Debug|Win32
		{4EF9CB9D-0725-4644-5087-E4881FC85FEB}.Debug|x64.ActiveCfg = Debug|x64
		{4EF9CB9D-0725-4644-5087-E4881FC85FEB}.Debug|x64.Build.0 = Debug|x64
		{4EF9CB9D-0725-4644-5087-E4881FC85FEB}.DebugStatic|Win32.ActiveCfg = Debug|Win32
		{4EF9CB9D-0725-4644-5087-E4881FC85FEB}.DebugStatic|Win32.Build.0 = Debug|Win32
		{4EF9CB9D-0725-4644-5087-E4881FC85FEB}.DebugStatic|x64.ActiveCfg = Debug|x64
		{4EF9CB9D-0725-4644-5087-E4881FC85FEB}.DebugStatic|x64.Build.0 = Debug|x64
		{4EF9CB9D-0725-4644-5087-E4881FC85FEB}.Release|Win32.ActiveCfg = Release|Win32
		{4EF9CB9D-0725-4644-5087-E4881FC85FEB}.Release|Win32.Build.0 = Release|Win32
		{4EF9CB9D-0725-4644-5087-E4881FC85FEB}.Release|x64.ActiveCfg = Release|x64
		{4EF9CB9D-0725-4644-5087-E4881FC85FEB}.Release|x64.Build.0 = Release|x64
		{4EF9CB9D-0725-4644-5087-E4881FC85FEB}.ReleaseStatic|Win32.ActiveCfg = Release|Win32
		{4EF9CB9D-0725-4644-5087-E4881FC85FEB}.ReleaseStatic|Win32.Build.0 = Release|Win32
		{4EF9CB9D-0725-4644-5087-E4881FC85FEB}.ReleaseStatic|x64.ActiveCfg = Release|x64
		{4EF9CB9D-0725-4644-5087-E4881FC85FEB}.ReleaseStatic|x64.Build.0 = Release|x64
		{A0C36CE7-D908-4573-8B69-249EEEB7D2BE}.Debug|Win32.ActiveCfg = Debug|Win32
		{A0C36CE7-D908-4573-8B69-249EEEB7D2BE}.Debug|Win32.Build.0 = Debug|Win32
		{A0C36CE7-D908-4573-8B69-249EEEB7D2BE}.Debug|Win32.Deploy.0 = Debug|Win32
		{A0C36CE7-D908-4573-8B69-249EEEB7D2BE}.Debug|x64.ActiveCfg = Debug|x64
		{A0C36CE7-D908-4573-8B69-249EEEB7D2BE}.Debug|x64.Build.0 = Debug|x64
		{A0C36CE7-D908-4573-8B69-249EEEB7D2BE}.Debug|x64.Deploy.0 = Debug|x64
		{A0C36CE7-D908-4573-8B69-249EEEB7D2BE}.DebugStatic|Win32.ActiveCfg = DebugStatic|Win32
		{A0C36CE7-D908-4573-8B69-249EEEB7D2BE}.DebugStatic|Win32.Build.0 = DebugStatic|Win32
		{A0C36CE7-D908-4573-8B69-249EEEB7D2BE}.DebugStatic|Win32.Deploy.0 = DebugStatic|Win32
		{A0C36CE7-D908-4573-8B69-249EEEB7D2BE}.DebugStatic|x64.ActiveCfg = DebugStatic|x64
		{A0C36CE7-D908-4573-8B69-249EEEB7D2BE}.DebugStatic|x64.Build.0 = DebugStatic|x64
		{A0C36CE7-D908-4573-8B69-249EEEB7D2BE}.DebugStatic|x64.Deploy.0 = DebugStatic|x64
		{A0C36CE7-D908-4573-8B69-249EEEB7D2BE}.Release|Win32.ActiveCfg = Release|Win32
		{A0C36CE7-D908-4573-8B69-249EEEB7D2BE}.Release|Win32.Build.0 = Release|Win32
		{A0C36CE7-D908-4573-8B69-249EEEB7D2BE}.Release|Win32.Deploy.0 = Release|Win32
		{A0C36CE7-D908-4573-8B69-249EEEB7D2BE}.Release|x64.ActiveCfg = Release|x64
		{A0C36CE7-D908-4573-8B69-249EEEB7D2BE}.Release|x64.Build.0 = Release|x64
		{A0C36CE7-D908-4573-8B69-249EEEB7D2BE}.Release|x64.Deploy.0 = Release|x64
		{A0C36CE7-D908-4573-8B69-249EEEB7D2BE}.ReleaseStatic|Win32.ActiveCfg = ReleaseStatic|Win32
		{A0C36CE7-D908-4573-8B69-249EEEB7D2BE}.ReleaseStatic|Win32.Build.0 = ReleaseStatic|Win32
		{A0C36CE7-D908-4573-8B69-249EEEB7D2BE}.ReleaseStatic|Win32.Deploy.0 = ReleaseStatic|Win32
		{A0C36CE7-D908-4573-8B69-249EEEB7D2BE}.ReleaseStatic|x64.ActiveCfg = ReleaseStatic|x64
		{A0C36CE7-D908-4573-8B69-249EEEB7D2BE}.ReleaseStatic|x64.Build.0 = ReleaseStatic|x64
		{A0C36CE7-D908-4573-8B69-249EEEB7D2BE}.ReleaseStatic|x64.Deploy.0 = ReleaseStatic|x64
	EndGlobalSection
	GlobalSection(SolutionProperties) = preSolution
		HideSolutionNode = FALSE
	EndGlobalSection
EndGlobal
