<?xml version="1.0" encoding="utf-8"?>
<Project ToolsVersion="4.0" xmlns="http://schemas.microsoft.com/developer/msbuild/2003">
  <ItemGroup>
    <ClCompile Include="..\..\src\CppAPE.cpp">
      <Filter>Source</Filter>
    </ClCompile>
    <ClCompile Include="..\..\src\dllmain.cpp">
      <Filter>Source</Filter>
    </ClCompile>
    <ClCompile Include="..\..\..\..\external\cpl\CPLSource.cpp">
      <Filter>Source</Filter>
    </ClCompile>
    <ClCompile Include="..\..\..\..\shared-src\ape\CppCompilerInterface.cpp">
      <Filter>Source</Filter>
    </ClCompile>
    <ClCompile Include="..\..\src\EnvironmentSetup.cpp">
      <Filter>Source</Filter>
    </ClCompile>
    <ClCompile Include="..\..\..\..\make\skeleton\compilers\CppAPE\runtime\ctorsdtors.c">
      <Filter>Plugin\Runtime</Filter>
    </ClCompile>
    <ClCompile Include="..\..\..\..\make\skeleton\compilers\CppAPE\runtime\runtime.cpp">
      <Filter>Plugin\Runtime</Filter>
    </ClCompile>
    <ClCompile Include="..\..\..\..\make\skeleton\compilers\CppAPE\build\postfix.cpp">
      <Filter>Plugin\Runtime</Filter>
    </ClCompile>
  </ItemGroup>
  <ItemGroup>
    <ClInclude Include="..\..\src\CppAPE.h">
      <Filter>Source</Filter>
    </ClInclude>
    <ClInclude Include="..\..\..\..\shared-src\ape\APE.h">
      <Filter>Headers</Filter>
    </ClInclude>
    <ClInclude Include="..\..\..\..\shared-src\ape\Events.h">
      <Filter>Headers</Filter>
    </ClInclude>
    <ClInclude Include="..\..\..\..\external\tinycc\libtcc.h">
      <Filter>Headers</Filter>
    </ClInclude>
    <ClInclude Include="..\..\..\..\shared-src\ape\Project.h">
      <Filter>Headers</Filter>
    </ClInclude>
    <ClInclude Include="..\..\..\..\shared-src\ape\ProtoCompiler.hpp">
      <Filter>Headers</Filter>
    </ClInclude>
    <ClInclude Include="..\..\..\..\shared-src\ape\SharedInterface.h">
      <Filter>Headers</Filter>
    </ClInclude>
    <ClInclude Include="..\..\..\..\shared-src\ape\CompilerBindings.h">
      <Filter>Headers</Filter>
    </ClInclude>
    <ClInclude Include="..\..\src\TranslationUnit.h">
      <Filter>Headers</Filter>
    </ClInclude>
    <ClInclude Include="..\..\..\..\shared-src\tcc4ape\ScriptBindings.h">
      <Filter>Headers</Filter>
    </ClInclude>
    <ClInclude Include="..\..\..\..\make\skeleton\includes\baselib.h">
      <Filter>Plugin\Public Headers</Filter>
    </ClInclude>
    <ClInclude Include="..\..\..\..\make\skeleton\includes\effect.h">
      <Filter>Plugin\Public Headers</Filter>
    </ClInclude>
    <ClInclude Include="..\..\..\..\make\skeleton\includes\memory.h">
      <Filter>Plugin\Public Headers</Filter>
    </ClInclude>
    <ClInclude Include="..\..\..\..\make\skeleton\includes\processor.h">
      <Filter>Plugin\Public Headers</Filter>
    </ClInclude>
    <ClInclude Include="..\..\..\..\make\skeleton\includes\vector.h">
      <Filter>Plugin\Public Headers</Filter>
    </ClInclude>
    <ClInclude Include="..\..\..\..\make\skeleton\compilers\CppAPE\runtime\ctorsdtors.h">
      <Filter>Plugin\Runtime</Filter>
    </ClInclude>
  </ItemGroup>
  <ItemGroup>
    <Filter Include="Source">
      <UniqueIdentifier>{71f60171-0b5f-4b82-8b05-b49a293d9006}</UniqueIdentifier>
    </Filter>
    <Filter Include="Headers">
      <UniqueIdentifier>{b0f3c5e2-8963-4b23-9dd3-ad587db30acf}</UniqueIdentifier>
    </Filter>
    <Filter Include="Plugin">
      <UniqueIdentifier>{405111a9-9d2f-461c-8905-5f469121c277}</UniqueIdentifier>
    </Filter>
    <Filter Include="Plugin\Public Headers">
      <UniqueIdentifier>{722cc6e0-906a-4c65-a82e-c6ed5a2bbeca}</UniqueIdentifier>
    </Filter>
    <Filter Include="Plugin\Runtime">
      <UniqueIdentifier>{f8fe5387-6d67-47b9-8927-9a48e0cdc363}</UniqueIdentifier>
    </Filter>
  </ItemGroup>
</Project>