Microsoft Visual Studio Solution File, Format Version 12.00
# Visual Studio 15
VisualStudioVersion = 15.0.26730.8
MinimumVisualStudioVersion = 10.0.40219.1
Project("{8BC9CEB8-8B4A-11D0-8D11-00A0C91BC942}") = "Plugin", "..\..\projects\plugin\builds\VisualStudio\Plugin.vcxproj", "{4EF9CB9D-0725-4644-5087-E4881FC85FEB}"
EndProject
Project("{8BC9CEB8-8B4A-11D0-8D11-00A0C91BC942}") = "libconfig++", "..\..\external\libconfig\lib\libconfig++.vcxproj", "{A0C36CE7-D908-4573-8B69-249EEEB7D2BE}"
EndProject
Project("{8BC9CEB8-8B4A-11D0-8D11-00A0C91BC942}") = "tinycc", "..\..\projects\tinycc\builds\VisualStudio\tinycc.vcxproj", "{49B2C525-7C50-453D-99E9-65DDE637C78F}"
EndProject
Project("{8BC9CEB8-8B4A-11D0-8D11-00A0C91BC942}") = "Tcc4APE", "..\..\projects\tcc4ape\builds\VisualStudio\Tcc4APE.vcxproj", "{C8A8AA6A-EDD3-4728-8E5D-D7804960FB77}"
EndProject
Project("{8BC9CEB8-8B4A-11D0-8D11-00A0C91BC942}") = "syswrap", "..\..\projects\syswrap\builds\VisualStudio\syswrap.vcxproj", "{46DD2FE0-78BC-489B-B114-4945451E446C}"
EndProject
Project("{8BC9CEB8-8B4A-11D0-8D11-00A0C91BC942}") = "tests", "..\..\projects\tests\builds\VisualStudio\tests.vcxproj", "{0833728D-BA28-4ABB-86E9-DDF6A57504DD}"
EndProject
Global
	GlobalSection(SolutionConfigurationPlatforms) = preSolution
		Debug|x64 = Debug|x64
		Debug|x86 = Debug|x86
		DebugStatic|x64 = DebugStatic|x64
		DebugStatic|x86 = DebugStatic|x86
		Release|x64 = Release|x64
		Release|x86 = Release|x86
		ReleaseStatic|x64 = ReleaseStatic|x64
		ReleaseStatic|x86 = ReleaseStatic|x86
		Tests|x64 = Tests|x64
		Tests|x86 = Tests|x86
	EndGlobalSection
	GlobalSection(ProjectConfigurationPlatforms) = postSolution
		{4EF9CB9D-0725-4644-5087-E4881FC85FEB}.Debug|x64.ActiveCfg = Debug|x64
		{4EF9CB9D-0725-4644-5087-E4881FC85FEB}.Debug|x64.Build.0 = Debug|x64
		{4EF9CB9D-0725-4644-5087-E4881FC85FEB}.Debug|x86.ActiveCfg = Debug|Win32
		{4EF9CB9D-0725-4644-5087-E4881FC85FEB}.Debug|x86.Build.0 = Debug|Win32
		{4EF9CB9D-0725-4644-5087-E4881FC85FEB}.DebugStatic|x64.ActiveCfg = Debug|x64
		{4EF9CB9D-0725-4644-5087-E4881FC85FEB}.DebugStatic|x64.Build.0 = Debug|x64
		{4EF9CB9D-0725-4644-5087-E4881FC85FEB}.DebugStatic|x86.ActiveCfg = Debug|Win32
		{4EF9CB9D-0725-4644-5087-E4881FC85FEB}.DebugStatic|x86.Build.0 = Debug|Win32
		{4EF9CB9D-0725-4644-5087-E4881FC85FEB}.Release|x64.ActiveCfg = Release|x64
		{4EF9CB9D-0725-4644-5087-E4881FC85FEB}.Release|x64.Build.0 = Release|x64
		{4EF9CB9D-0725-4644-5087-E4881FC85FEB}.Release|x86.ActiveCfg = Release|Win32
		{4EF9CB9D-0725-4644-5087-E4881FC85FEB}.Release|x86.Build.0 = Release|Win32
		{4EF9CB9D-0725-4644-5087-E4881FC85FEB}.ReleaseStatic|x64.ActiveCfg = Release|x64
		{4EF9CB9D-0725-4644-5087-E4881FC85FEB}.ReleaseStatic|x64.Build.0 = Release|x64
		{4EF9CB9D-0725-4644-5087-E4881FC85FEB}.ReleaseStatic|x86.ActiveCfg = Release|Win32
		{4EF9CB9D-0725-4644-5087-E4881FC85FEB}.ReleaseStatic|x86.Build.0 = Release|Win32
		{4EF9CB9D-0725-4644-5087-E4881FC85FEB}.Tests|x64.ActiveCfg = Tests|x64
		{4EF9CB9D-0725-4644-5087-E4881FC85FEB}.Tests|x64.Build.0 = Tests|x64
		{4EF9CB9D-0725-4644-5087-E4881FC85FEB}.Tests|x86.ActiveCfg = Tests|Win32
		{4EF9CB9D-0725-4644-5087-E4881FC85FEB}.Tests|x86.Build.0 = Tests|Win32
		{A0C36CE7-D908-4573-8B69-249EEEB7D2BE}.Debug|x64.ActiveCfg = DebugStatic|x64
		{A0C36CE7-D908-4573-8B69-249EEEB7D2BE}.Debug|x64.Build.0 = DebugStatic|x64
		{A0C36CE7-D908-4573-8B69-249EEEB7D2BE}.Debug|x86.ActiveCfg = DebugStatic|Win32
		{A0C36CE7-D908-4573-8B69-249EEEB7D2BE}.Debug|x86.Build.0 = DebugStatic|Win32
		{A0C36CE7-D908-4573-8B69-249EEEB7D2BE}.DebugStatic|x64.ActiveCfg = DebugStatic|x64
		{A0C36CE7-D908-4573-8B69-249EEEB7D2BE}.DebugStatic|x64.Build.0 = DebugStatic|x64
		{A0C36CE7-D908-4573-8B69-249EEEB7D2BE}.DebugStatic|x86.ActiveCfg = DebugStatic|Win32
		{A0C36CE7-D908-4573-8B69-249EEEB7D2BE}.DebugStatic|x86.Build.0 = DebugStatic|Win32
		{A0C36CE7-D908-4573-8B69-249EEEB7D2BE}.Release|x64.ActiveCfg = ReleaseStatic|x64
		{A0C36CE7-D908-4573-8B69-249EEEB7D2BE}.Release|x64.Build.0 = ReleaseStatic|x64
		{A0C36CE7-D908-4573-8B69-249EEEB7D2BE}.Release|x86.ActiveCfg = ReleaseStatic|Win32
		{A0C36CE7-D908-4573-8B69-249EEEB7D2BE}.Release|x86.Build.0 = ReleaseStatic|Win32
		{A0C36CE7-D908-4573-8B69-249EEEB7D2BE}.ReleaseStatic|x64.ActiveCfg = ReleaseStatic|x64
		{A0C36CE7-D908-4573-8B69-249EEEB7D2BE}.ReleaseStatic|x64.Build.0 = ReleaseStatic|x64
		{A0C36CE7-D908-4573-8B69-249EEEB7D2BE}.ReleaseStatic|x86.ActiveCfg = ReleaseStatic|Win32
		{A0C36CE7-D908-4573-8B69-249EEEB7D2BE}.ReleaseStatic|x86.Build.0 = ReleaseStatic|Win32
		{A0C36CE7-D908-4573-8B69-249EEEB7D2BE}.Tests|x64.ActiveCfg = DebugStatic|x64
		{A0C36CE7-D908-4573-8B69-249EEEB7D2BE}.Tests|x64.Build.0 = DebugStatic|x64
		{A0C36CE7-D908-4573-8B69-249EEEB7D2BE}.Tests|x86.ActiveCfg = DebugStatic|Win32
		{A0C36CE7-D908-4573-8B69-249EEEB7D2BE}.Tests|x86.Build.0 = DebugStatic|Win32
		{49B2C525-7C50-453D-99E9-65DDE637C78F}.Debug|x64.ActiveCfg = Debug|x64
		{49B2C525-7C50-453D-99E9-65DDE637C78F}.Debug|x64.Build.0 = Debug|x64
		{49B2C525-7C50-453D-99E9-65DDE637C78F}.Debug|x86.ActiveCfg = Debug|Win32
		{49B2C525-7C50-453D-99E9-65DDE637C78F}.Debug|x86.Build.0 = Debug|Win32
		{49B2C525-7C50-453D-99E9-65DDE637C78F}.DebugStatic|x64.ActiveCfg = Debug|x64
		{49B2C525-7C50-453D-99E9-65DDE637C78F}.DebugStatic|x64.Build.0 = Debug|x64
		{49B2C525-7C50-453D-99E9-65DDE637C78F}.DebugStatic|x86.ActiveCfg = Debug|Win32
		{49B2C525-7C50-453D-99E9-65DDE637C78F}.DebugStatic|x86.Build.0 = Debug|Win32
		{49B2C525-7C50-453D-99E9-65DDE637C78F}.Release|x64.ActiveCfg = Release|x64
		{49B2C525-7C50-453D-99E9-65DDE637C78F}.Release|x64.Build.0 = Release|x64
		{49B2C525-7C50-453D-99E9-65DDE637C78F}.Release|x86.ActiveCfg = Release|Win32
		{49B2C525-7C50-453D-99E9-65DDE637C78F}.Release|x86.Build.0 = Release|Win32
		{49B2C525-7C50-453D-99E9-65DDE637C78F}.ReleaseStatic|x64.ActiveCfg = Release|x64
		{49B2C525-7C50-453D-99E9-65DDE637C78F}.ReleaseStatic|x64.Build.0 = Release|x64
		{49B2C525-7C50-453D-99E9-65DDE637C78F}.ReleaseStatic|x86.ActiveCfg = Release|Win32
		{49B2C525-7C50-453D-99E9-65DDE637C78F}.ReleaseStatic|x86.Build.0 = Release|Win32
		{49B2C525-7C50-453D-99E9-65DDE637C78F}.Tests|x64.ActiveCfg = Debug|x64
		{49B2C525-7C50-453D-99E9-65DDE637C78F}.Tests|x64.Build.0 = Debug|x64
		{49B2C525-7C50-453D-99E9-65DDE637C78F}.Tests|x86.ActiveCfg = Debug|Win32
		{49B2C525-7C50-453D-99E9-65DDE637C78F}.Tests|x86.Build.0 = Debug|Win32
		{C8A8AA6A-EDD3-4728-8E5D-D7804960FB77}.Debug|x64.ActiveCfg = Debug|x64
		{C8A8AA6A-EDD3-4728-8E5D-D7804960FB77}.Debug|x64.Build.0 = Debug|x64
		{C8A8AA6A-EDD3-4728-8E5D-D7804960FB77}.Debug|x86.ActiveCfg = Debug|Win32
		{C8A8AA6A-EDD3-4728-8E5D-D7804960FB77}.Debug|x86.Build.0 = Debug|Win32
		{C8A8AA6A-EDD3-4728-8E5D-D7804960FB77}.DebugStatic|x64.ActiveCfg = Debug|x64
		{C8A8AA6A-EDD3-4728-8E5D-D7804960FB77}.DebugStatic|x64.Build.0 = Debug|x64
		{C8A8AA6A-EDD3-4728-8E5D-D7804960FB77}.DebugStatic|x86.ActiveCfg = Debug|Win32
		{C8A8AA6A-EDD3-4728-8E5D-D7804960FB77}.DebugStatic|x86.Build.0 = Debug|Win32
		{C8A8AA6A-EDD3-4728-8E5D-D7804960FB77}.Release|x64.ActiveCfg = Release|x64
		{C8A8AA6A-EDD3-4728-8E5D-D7804960FB77}.Release|x64.Build.0 = Release|x64
		{C8A8AA6A-EDD3-4728-8E5D-D7804960FB77}.Release|x86.ActiveCfg = Release|Win32
		{C8A8AA6A-EDD3-4728-8E5D-D7804960FB77}.Release|x86.Build.0 = Release|Win32
		{C8A8AA6A-EDD3-4728-8E5D-D7804960FB77}.ReleaseStatic|x64.ActiveCfg = Release|x64
		{C8A8AA6A-EDD3-4728-8E5D-D7804960FB77}.ReleaseStatic|x64.Build.0 = Release|x64
		{C8A8AA6A-EDD3-4728-8E5D-D7804960FB77}.ReleaseStatic|x86.ActiveCfg = Release|Win32
		{C8A8AA6A-EDD3-4728-8E5D-D7804960FB77}.ReleaseStatic|x86.Build.0 = Release|Win32
		{C8A8AA6A-EDD3-4728-8E5D-D7804960FB77}.Tests|x64.ActiveCfg = Debug|x64
		{C8A8AA6A-EDD3-4728-8E5D-D7804960FB77}.Tests|x64.Build.0 = Debug|x64
		{C8A8AA6A-EDD3-4728-8E5D-D7804960FB77}.Tests|x86.ActiveCfg = Debug|Win32
		{C8A8AA6A-EDD3-4728-8E5D-D7804960FB77}.Tests|x86.Build.0 = Debug|Win32
		{46DD2FE0-78BC-489B-B114-4945451E446C}.Debug|x64.ActiveCfg = Debug|x64
		{46DD2FE0-78BC-489B-B114-4945451E446C}.Debug|x64.Build.0 = Debug|x64
		{46DD2FE0-78BC-489B-B114-4945451E446C}.Debug|x86.ActiveCfg = Debug|Win32
		{46DD2FE0-78BC-489B-B114-4945451E446C}.Debug|x86.Build.0 = Debug|Win32
		{46DD2FE0-78BC-489B-B114-4945451E446C}.DebugStatic|x64.ActiveCfg = Debug|x64
		{46DD2FE0-78BC-489B-B114-4945451E446C}.DebugStatic|x64.Build.0 = Debug|x64
		{46DD2FE0-78BC-489B-B114-4945451E446C}.DebugStatic|x86.ActiveCfg = Debug|Win32
		{46DD2FE0-78BC-489B-B114-4945451E446C}.DebugStatic|x86.Build.0 = Debug|Win32
		{46DD2FE0-78BC-489B-B114-4945451E446C}.Release|x64.ActiveCfg = Release|x64
		{46DD2FE0-78BC-489B-B114-4945451E446C}.Release|x64.Build.0 = Release|x64
		{46DD2FE0-78BC-489B-B114-4945451E446C}.Release|x86.ActiveCfg = Release|Win32
		{46DD2FE0-78BC-489B-B114-4945451E446C}.Release|x86.Build.0 = Release|Win32
		{46DD2FE0-78BC-489B-B114-4945451E446C}.ReleaseStatic|x64.ActiveCfg = Release|x64
		{46DD2FE0-78BC-489B-B114-4945451E446C}.ReleaseStatic|x64.Build.0 = Release|x64
		{46DD2FE0-78BC-489B-B114-4945451E446C}.ReleaseStatic|x86.ActiveCfg = Release|Win32
		{46DD2FE0-78BC-489B-B114-4945451E446C}.ReleaseStatic|x86.Build.0 = Release|Win32
		{46DD2FE0-78BC-489B-B114-4945451E446C}.Tests|x64.ActiveCfg = Debug|x64
		{46DD2FE0-78BC-489B-B114-4945451E446C}.Tests|x64.Build.0 = Debug|x64
		{46DD2FE0-78BC-489B-B114-4945451E446C}.Tests|x86.ActiveCfg = Debug|Win32
		{46DD2FE0-78BC-489B-B114-4945451E446C}.Tests|x86.Build.0 = Debug|Win32
		{0833728D-BA28-4ABB-86E9-DDF6A57504DD}.Debug|x64.ActiveCfg = Debug|x64
		{0833728D-BA28-4ABB-86E9-DDF6A57504DD}.Debug|x64.Build.0 = Debug|x64
		{0833728D-BA28-4ABB-86E9-DDF6A57504DD}.Debug|x86.ActiveCfg = Debug|Win32
		{0833728D-BA28-4ABB-86E9-DDF6A57504DD}.Debug|x86.Build.0 = Debug|Win32
		{0833728D-BA28-4ABB-86E9-DDF6A57504DD}.DebugStatic|x64.ActiveCfg = Debug|x64
		{0833728D-BA28-4ABB-86E9-DDF6A57504DD}.DebugStatic|x64.Build.0 = Debug|x64
		{0833728D-BA28-4ABB-86E9-DDF6A57504DD}.DebugStatic|x86.ActiveCfg = Debug|Win32
		{0833728D-BA28-4ABB-86E9-DDF6A57504DD}.DebugStatic|x86.Build.0 = Debug|Win32
		{0833728D-BA28-4ABB-86E9-DDF6A57504DD}.Release|x64.ActiveCfg = Release|x64
		{0833728D-BA28-4ABB-86E9-DDF6A57504DD}.Release|x64.Build.0 = Release|x64
		{0833728D-BA28-4ABB-86E9-DDF6A57504DD}.Release|x86.ActiveCfg = Release|Win32
		{0833728D-BA28-4ABB-86E9-DDF6A57504DD}.Release|x86.Build.0 = Release|Win32
		{0833728D-BA28-4ABB-86E9-DDF6A57504DD}.ReleaseStatic|x64.ActiveCfg = Release|x64
		{0833728D-BA28-4ABB-86E9-DDF6A57504DD}.ReleaseStatic|x64.Build.0 = Release|x64
		{0833728D-BA28-4ABB-86E9-DDF6A57504DD}.ReleaseStatic|x86.ActiveCfg = Release|Win32
		{0833728D-BA28-4ABB-86E9-DDF6A57504DD}.ReleaseStatic|x86.Build.0 = Release|Win32
		{0833728D-BA28-4ABB-86E9-DDF6A57504DD}.Tests|x64.ActiveCfg = Debug|x64
		{0833728D-BA28-4ABB-86E9-DDF6A57504DD}.Tests|x64.Build.0 = Debug|x64
		{0833728D-BA28-4ABB-86E9-DDF6A57504DD}.Tests|x86.ActiveCfg = Debug|Win32
		{0833728D-BA28-4ABB-86E9-DDF6A57504DD}.Tests|x86.Build.0 = Debug|Win32
	EndGlobalSection
	GlobalSection(SolutionProperties) = preSolution
		HideSolutionNode = FALSE
	EndGlobalSection
	GlobalSection(ExtensibilityGlobals) = postSolution
		SolutionGuid = {937E373F-4D38-4F6B-9FDF-064651E6CBB3}
	EndGlobalSection
EndGlobal
